
Microsoft Visual Studio Solution File, Format Version 12.00
# Visual Studio Version 17
VisualStudioVersion = 17.0.32126.317
MinimumVisualStudioVersion = 10.0.40219.1
Project("{FAE04EC0-301F-11D3-BF4B-00C04F79EFBC}") = "KurtosysSeleniumTest", "KurtosysSeleniumTest.csproj", "{BD8346C1-3B11-45B5-BFCD-69E72FB55EB6}"
EndProject
Global
	GlobalSection(SolutionConfigurationPlatforms) = preSolution
		Debug|Any CPU = Debug|Any CPU
		Release|Any CPU = Release|Any CPU
	EndGlobalSection
	GlobalSection(ProjectConfigurationPlatforms) = postSolution
		{BD8346C1-3B11-45B5-BFCD-69E72FB55EB6}.Debug|Any CPU.ActiveCfg = Debug|Any CPU
		{BD8346C1-3B11-45B5-BFCD-69E72FB55EB6}.Debug|Any CPU.Build.0 = Debug|Any CPU
		{BD8346C1-3B11-45B5-BFCD-69E72FB55EB6}.Release|Any CPU.ActiveCfg = Release|Any CPU
		{BD8346C1-3B11-45B5-BFCD-69E72FB55EB6}.Release|Any CPU.Build.0 = Release|Any CPU
	EndGlobalSection
	GlobalSection(SolutionProperties) = preSolution
		HideSolutionNode = FALSE
	EndGlobalSection
	GlobalSection(ExtensibilityGlobals) = postSolution
		SolutionGuid = {D5B8DF48-CC66-4D77-BA6A-AA62C651066D}
	EndGlobalSection
EndGlobal
