
Microsoft Visual Studio Solution File, Format Version 12.00
# Visual Studio 15
VisualStudioVersion = 15.0.28307.1972
MinimumVisualStudioVersion = 10.0.40219.1
Project("{FAE04EC0-301F-11D3-BF4B-00C04F79EFBC}") = "APIAutomationDemo", "ClassLibrary1\APIAutomationDemo.csproj", "{B712C5F8-30A9-41F0-9646-07EEED58E7A7}"
EndProject
Project("{FAE04EC0-301F-11D3-BF4B-00C04F79EFBC}") = "APITests", "APITests\APITests.csproj", "{12DC9C49-092E-4980-93A4-A301B0C2D223}"
EndProject
Global
	GlobalSection(SolutionConfigurationPlatforms) = preSolution
		Debug|Any CPU = Debug|Any CPU
		Release|Any CPU = Release|Any CPU
	EndGlobalSection
	GlobalSection(ProjectConfigurationPlatforms) = postSolution
		{B712C5F8-30A9-41F0-9646-07EEED58E7A7}.Debug|Any CPU.ActiveCfg = Debug|Any CPU
		{B712C5F8-30A9-41F0-9646-07EEED58E7A7}.Debug|Any CPU.Build.0 = Debug|Any CPU
		{B712C5F8-30A9-41F0-9646-07EEED58E7A7}.Release|Any CPU.ActiveCfg = Release|Any CPU
		{B712C5F8-30A9-41F0-9646-07EEED58E7A7}.Release|Any CPU.Build.0 = Release|Any CPU
		{12DC9C49-092E-4980-93A4-A301B0C2D223}.Debug|Any CPU.ActiveCfg = Debug|Any CPU
		{12DC9C49-092E-4980-93A4-A301B0C2D223}.Debug|Any CPU.Build.0 = Debug|Any CPU
		{12DC9C49-092E-4980-93A4-A301B0C2D223}.Release|Any CPU.ActiveCfg = Release|Any CPU
		{12DC9C49-092E-4980-93A4-A301B0C2D223}.Release|Any CPU.Build.0 = Release|Any CPU
	EndGlobalSection
	GlobalSection(SolutionProperties) = preSolution
		HideSolutionNode = FALSE
	EndGlobalSection
	GlobalSection(ExtensibilityGlobals) = postSolution
		SolutionGuid = {98665B09-A790-423D-AC5F-19203E21B176}
	EndGlobalSection
EndGlobal
